
Microsoft Visual Studio Solution File, Format Version 12.00
# Visual Studio Version 16
VisualStudioVersion = 16.0.32630.194
MinimumVisualStudioVersion = 10.0.40219.1
Project("{FAE04EC0-301F-11D3-BF4B-00C04F79EFBC}") = "WpfApp3", "WpfApp3\WpfApp3.csproj", "{37EA028E-0F48-46EA-9FEF-81B4E1B14649}"
EndProject
Global
	GlobalSection(SolutionConfigurationPlatforms) = preSolution
		Debug|Any CPU = Debug|Any CPU
		Release|Any CPU = Release|Any CPU
	EndGlobalSection
	GlobalSection(ProjectConfigurationPlatforms) = postSolution
		{37EA028E-0F48-46EA-9FEF-81B4E1B14649}.Debug|Any CPU.ActiveCfg = Debug|Any CPU
		{37EA028E-0F48-46EA-9FEF-81B4E1B14649}.Debug|Any CPU.Build.0 = Debug|Any CPU
		{37EA028E-0F48-46EA-9FEF-81B4E1B14649}.Release|Any CPU.ActiveCfg = Release|Any CPU
		{37EA028E-0F48-46EA-9FEF-81B4E1B14649}.Release|Any CPU.Build.0 = Release|Any CPU
	EndGlobalSection
	GlobalSection(SolutionProperties) = preSolution
		HideSolutionNode = FALSE
	EndGlobalSection
	GlobalSection(ExtensibilityGlobals) = postSolution
		SolutionGuid = {5E140496-6992-46E3-89E8-DDAC18195F0E}
	EndGlobalSection
EndGlobal
